
Microsoft Visual Studio Solution File, Format Version 12.00
# Visual Studio Version 17
VisualStudioVersion = 17.0.32112.339
MinimumVisualStudioVersion = 10.0.40219.1
Project("{FAE04EC0-301F-11D3-BF4B-00C04F79EFBC}") = "ZeroElectric.Fenestra", "ZeroElectric.Fenestra.csproj", "{EE298A69-19DA-4687-88A4-681DB2FB988D}"
EndProject
Global
	GlobalSection(SolutionConfigurationPlatforms) = preSolution
		Debug|Any CPU = Debug|Any CPU
		Debug|x64 = Debug|x64
		Release|Any CPU = Release|Any CPU
		Release|x64 = Release|x64
	EndGlobalSection
	GlobalSection(ProjectConfigurationPlatforms) = postSolution
		{EE298A69-19DA-4687-88A4-681DB2FB988D}.Debug|Any CPU.ActiveCfg = Debug|Any CPU
		{EE298A69-19DA-4687-88A4-681DB2FB988D}.Debug|Any CPU.Build.0 = Debug|Any CPU
		{EE298A69-19DA-4687-88A4-681DB2FB988D}.Debug|x64.ActiveCfg = Debug|x64
		{EE298A69-19DA-4687-88A4-681DB2FB988D}.Debug|x64.Build.0 = Debug|x64
		{EE298A69-19DA-4687-88A4-681DB2FB988D}.Release|Any CPU.ActiveCfg = Release|Any CPU
		{EE298A69-19DA-4687-88A4-681DB2FB988D}.Release|Any CPU.Build.0 = Release|Any CPU
		{EE298A69-19DA-4687-88A4-681DB2FB988D}.Release|x64.ActiveCfg = Release|x64
		{EE298A69-19DA-4687-88A4-681DB2FB988D}.Release|x64.Build.0 = Release|x64
	EndGlobalSection
	GlobalSection(SolutionProperties) = preSolution
		HideSolutionNode = FALSE
	EndGlobalSection
	GlobalSection(ExtensibilityGlobals) = postSolution
		SolutionGuid = {B922BCD0-8A95-4EC9-81D9-83870932A9C6}
	EndGlobalSection
EndGlobal
